
Microsoft Visual Studio Solution File, Format Version 12.00
# Visual Studio 15
VisualStudioVersion = 15.0.27703.2035
MinimumVisualStudioVersion = 10.0.40219.1
Project("{FAE04EC0-301F-11D3-BF4B-00C04F79EFBC}") = "Wpf.Windows", "Wpf.Windows\Wpf.Windows.csproj", "{C61876A5-6A8D-4275-8E5B-5731D8159FCE}"
EndProject
Project("{FAE04EC0-301F-11D3-BF4B-00C04F79EFBC}") = "Wpf.Windows.Infrastructure", "Wpf.Windows.Infrastructure\Wpf.Windows.Infrastructure.csproj", "{6C8CFF76-9740-4794-BF0E-CED0CCD9474A}"
EndProject
Global
	GlobalSection(SolutionConfigurationPlatforms) = preSolution
		Debug|Any CPU = Debug|Any CPU
		Release|Any CPU = Release|Any CPU
	EndGlobalSection
	GlobalSection(ProjectConfigurationPlatforms) = postSolution
		{C61876A5-6A8D-4275-8E5B-5731D8159FCE}.Debug|Any CPU.ActiveCfg = Debug|Any CPU
		{C61876A5-6A8D-4275-8E5B-5731D8159FCE}.Debug|Any CPU.Build.0 = Debug|Any CPU
		{C61876A5-6A8D-4275-8E5B-5731D8159FCE}.Release|Any CPU.ActiveCfg = Release|Any CPU
		{C61876A5-6A8D-4275-8E5B-5731D8159FCE}.Release|Any CPU.Build.0 = Release|Any CPU
		{6C8CFF76-9740-4794-BF0E-CED0CCD9474A}.Debug|Any CPU.ActiveCfg = Debug|Any CPU
		{6C8CFF76-9740-4794-BF0E-CED0CCD9474A}.Debug|Any CPU.Build.0 = Debug|Any CPU
		{6C8CFF76-9740-4794-BF0E-CED0CCD9474A}.Release|Any CPU.ActiveCfg = Release|Any CPU
		{6C8CFF76-9740-4794-BF0E-CED0CCD9474A}.Release|Any CPU.Build.0 = Release|Any CPU
	EndGlobalSection
	GlobalSection(SolutionProperties) = preSolution
		HideSolutionNode = FALSE
	EndGlobalSection
	GlobalSection(ExtensibilityGlobals) = postSolution
		SolutionGuid = {81717B9F-31FB-4A7C-8E6C-FE312B91EEF8}
	EndGlobalSection
EndGlobal
